// !$*UTF8*$!
{
	archiveVersion = 1;
	classes = {
	};
	objectVersion = 77;
	objects = {

/* Begin PBXBuildFile section */
		9BB576022EFB355900DFD5BB /* XCTest.framework in Frameworks */ = {isa = PBXBuildFile; fileRef = 9BF86FB42EEB79AF00D261C1 /* XCTest.framework */; platformFilter = ios; };
		9BD803AC2F27FAC9002D02A4 /* FirebaseFirestore in Frameworks */ = {isa = PBXBuildFile; productRef = 9BD803AB2F27FAC9002D02A4 /* FirebaseFirestore */; };
		9BDA4A0C2F0E99EC00C6E6D9 /* FirebaseAI in Frameworks */ = {isa = PBXBuildFile; productRef = 9BDA4A0B2F0E99EC00C6E6D9 /* FirebaseAI */; };
		9BDA4A1C2F0EC5AF00C6E6D9 /* FirebaseAuth in Frameworks */ = {isa = PBXBuildFile; productRef = 9BDA4A1B2F0EC5AF00C6E6D9 /* FirebaseAuth */; };
		9BDA4A1E2F0EC5BB00C6E6D9 /* FirebaseAnalytics in Frameworks */ = {isa = PBXBuildFile; productRef = 9BDA4A1D2F0EC5BB00C6E6D9 /* FirebaseAnalytics */; };
/* End PBXBuildFile section */

/* Begin PBXContainerItemProxy section */
		9BB575FD2EFB34F200DFD5BB /* PBXContainerItemProxy */ = {
			isa = PBXContainerItemProxy;
			containerPortal = 9BF86F872EE9C69800D261C1 /* Project object */;
			proxyType = 1;
			remoteGlobalIDString = 9BF86F8E2EE9C69800D261C1;
			remoteInfo = Lookird;
		};
/* End PBXContainerItemProxy section */

/* Begin PBXFileReference section */
		9BB575F92EFB34F200DFD5BB /* LookirdTests.xctest */ = {isa = PBXFileReference; explicitFileType = wrapper.cfbundle; includeInIndex = 0; path = LookirdTests.xctest; sourceTree = BUILT_PRODUCTS_DIR; };
		9BF86F8F2EE9C69800D261C1 /* Lookird.app */ = {isa = PBXFileReference; explicitFileType = wrapper.application; includeInIndex = 0; path = Lookird.app; sourceTree = BUILT_PRODUCTS_DIR; };
		9BF86FB42EEB79AF00D261C1 /* XCTest.framework */ = {isa = PBXFileReference; lastKnownFileType = wrapper.framework; name = XCTest.framework; path = Platforms/iPhoneOS.platform/Developer/Library/Frameworks/XCTest.framework; sourceTree = DEVELOPER_DIR; };
/* End PBXFileReference section */

/* Begin PBXFileSystemSynchronizedBuildFileExceptionSet section */
		9B5356432F2012BE00D639D8 /* Exceptions for "Lookird" folder in "Lookird" target */ = {
			isa = PBXFileSystemSynchronizedBuildFileExceptionSet;
			membershipExceptions = (
				Info.plist,
			);
			target = 9BF86F8E2EE9C69800D261C1 /* Lookird */;
		};
/* End PBXFileSystemSynchronizedBuildFileExceptionSet section */

/* Begin PBXFileSystemSynchronizedRootGroup section */
		9BB575FA2EFB34F200DFD5BB /* LookirdTests */ = {
			isa = PBXFileSystemSynchronizedRootGroup;
			path = LookirdTests;
			sourceTree = "<group>";
		};
		9BF86F912EE9C69800D261C1 /* Lookird */ = {
			isa = PBXFileSystemSynchronizedRootGroup;
			exceptions = (
				9B5356432F2012BE00D639D8 /* Exceptions for "Lookird" folder in "Lookird" target */,
			);
			path = Lookird;
			sourceTree = "<group>";
		};
/* End PBXFileSystemSynchronizedRootGroup section */

/* Begin PBXFrameworksBuildPhase section */
		9BB575F62EFB34F200DFD5BB /* Frameworks */ = {
			isa = PBXFrameworksBuildPhase;
			buildActionMask = 2147483647;
			files = (
				9BB576022EFB355900DFD5BB /* XCTest.framework in Frameworks */,
			);
			runOnlyForDeploymentPostprocessing = 0;
		};
		9BF86F8C2EE9C69800D261C1 /* Frameworks */ = {
			isa = PBXFrameworksBuildPhase;
			buildActionMask = 2147483647;
			files = (
				9BDA4A0C2F0E99EC00C6E6D9 /* FirebaseAI in Frameworks */,
				9BD803AC2F27FAC9002D02A4 /* FirebaseFirestore in Frameworks */,
				9BDA4A1C2F0EC5AF00C6E6D9 /* FirebaseAuth in Frameworks */,
				9BDA4A1E2F0EC5BB00C6E6D9 /* FirebaseAnalytics in Frameworks */,
			);
			runOnlyForDeploymentPostprocessing = 0;
		};
/* End PBXFrameworksBuildPhase section */

/* Begin PBXGroup section */
		9BF86F862EE9C69800D261C1 = {
			isa = PBXGroup;
			children = (
				9BF86F912EE9C69800D261C1 /* Lookird */,
				9BB575FA2EFB34F200DFD5BB /* LookirdTests */,
				9BF86FB32EEB79AF00D261C1 /* Frameworks */,
				9BF86F902EE9C69800D261C1 /* Products */,
			);
			sourceTree = "<group>";
		};
		9BF86F902EE9C69800D261C1 /* Products */ = {
			isa = PBXGroup;
			children = (
				9BF86F8F2EE9C69800D261C1 /* Lookird.app */,
				9BB575F92EFB34F200DFD5BB /* LookirdTests.xctest */,
			);
			name = Products;
			sourceTree = "<group>";
		};
		9BF86FB32EEB79AF00D261C1 /* Frameworks */ = {
			isa = PBXGroup;
			children = (
				9BF86FB42EEB79AF00D261C1 /* XCTest.framework */,
			);
			name = Frameworks;
			sourceTree = "<group>";
		};
/* End PBXGroup section */

/* Begin PBXNativeTarget section */
		9BB575F82EFB34F200DFD5BB /* LookirdTests */ = {
			isa = PBXNativeTarget;
			buildConfigurationList = 9BB575FF2EFB34F200DFD5BB /* Build configuration list for PBXNativeTarget "LookirdTests" */;
			buildPhases = (
				9BB575F52EFB34F200DFD5BB /* Sources */,
				9BB575F62EFB34F200DFD5BB /* Frameworks */,
				9BB575F72EFB34F200DFD5BB /* Resources */,
			);
			buildRules = (
			);
			dependencies = (
				9BB575FE2EFB34F200DFD5BB /* PBXTargetDependency */,
			);
			fileSystemSynchronizedGroups = (
				9BB575FA2EFB34F200DFD5BB /* LookirdTests */,
			);
			name = LookirdTests;
			packageProductDependencies = (
			);
			productName = LookirdTests;
			productReference = 9BB575F92EFB34F200DFD5BB /* LookirdTests.xctest */;
			productType = "com.apple.product-type.bundle.unit-test";
		};
		9BF86F8E2EE9C69800D261C1 /* Lookird */ = {
			isa = PBXNativeTarget;
			buildConfigurationList = 9BF86F9C2EE9C69A00D261C1 /* Build configuration list for PBXNativeTarget "Lookird" */;
			buildPhases = (
				9BF86F8B2EE9C69800D261C1 /* Sources */,
				9BF86F8C2EE9C69800D261C1 /* Frameworks */,
				9BF86F8D2EE9C69800D261C1 /* Resources */,
			);
			buildRules = (
			);
			dependencies = (
			);
			fileSystemSynchronizedGroups = (
				9BF86F912EE9C69800D261C1 /* Lookird */,
			);
			name = Lookird;
			packageProductDependencies = (
				9BDA4A0B2F0E99EC00C6E6D9 /* FirebaseAI */,
				9BDA4A1B2F0EC5AF00C6E6D9 /* FirebaseAuth */,
				9BDA4A1D2F0EC5BB00C6E6D9 /* FirebaseAnalytics */,
				9BD803AB2F27FAC9002D02A4 /* FirebaseFirestore */,
			);
			productName = Lookird;
			productReference = 9BF86F8F2EE9C69800D261C1 /* Lookird.app */;
			productType = "com.apple.product-type.application";
		};
/* End PBXNativeTarget section */

/* Begin PBXProject section */
		9BF86F872EE9C69800D261C1 /* Project object */ = {
			isa = PBXProject;
			attributes = {
				BuildIndependentTargetsInParallel = 1;
				LastSwiftUpdateCheck = 2610;
				LastUpgradeCheck = 2610;
				TargetAttributes = {
					9BB575F82EFB34F200DFD5BB = {
						CreatedOnToolsVersion = 26.1.1;
						TestTargetID = 9BF86F8E2EE9C69800D261C1;
					};
					9BF86F8E2EE9C69800D261C1 = {
						CreatedOnToolsVersion = 26.1.1;
					};
				};
			};
			buildConfigurationList = 9BF86F8A2EE9C69800D261C1 /* Build configuration list for PBXProject "Lookird" */;
			developmentRegion = en;
			hasScannedForEncodings = 0;
			knownRegions = (
				en,
				Base,
			);
			mainGroup = 9BF86F862EE9C69800D261C1;
			minimizedProjectReferenceProxies = 1;
			packageReferences = (
				9BDA4A0A2F0E99EC00C6E6D9 /* XCRemoteSwiftPackageReference "firebase-ios-sdk" */,
			);
			preferredProjectObjectVersion = 77;
			productRefGroup = 9BF86F902EE9C69800D261C1 /* Products */;
			projectDirPath = "";
			projectRoot = "";
			targets = (
				9BF86F8E2EE9C69800D261C1 /* Lookird */,
				9BB575F82EFB34F200DFD5BB /* LookirdTests */,
			);
		};
/* End PBXProject section */

/* Begin PBXResourcesBuildPhase section */
		9BB575F72EFB34F200DFD5BB /* Resources */ = {
			isa = PBXResourcesBuildPhase;
			buildActionMask = 2147483647;
			files = (
			);
			runOnlyForDeploymentPostprocessing = 0;
		};
		9BF86F8D2EE9C69800D261C1 /* Resources */ = {
			isa = PBXResourcesBuildPhase;
			buildActionMask = 2147483647;
			files = (
			);
			runOnlyForDeploymentPostprocessing = 0;
		};
/* End PBXResourcesBuildPhase section */

/* Begin PBXSourcesBuildPhase section */
		9BB575F52EFB34F200DFD5BB /* Sources */ = {
			isa = PBXSourcesBuildPhase;
			buildActionMask = 2147483647;
			files = (
			);
			runOnlyForDeploymentPostprocessing = 0;
		};
		9BF86F8B2EE9C69800D261C1 /* Sources */ = {
			isa = PBXSourcesBuildPhase;
			buildActionMask = 2147483647;
			files = (
			);
			runOnlyForDeploymentPostprocessing = 0;
		};
/* End PBXSourcesBuildPhase section */

/* Begin PBXTargetDependency section */
		9BB575FE2EFB34F200DFD5BB /* PBXTargetDependency */ = {
			isa = PBXTargetDependency;
			target = 9BF86F8E2EE9C69800D261C1 /* Lookird */;
			targetProxy = 9BB575FD2EFB34F200DFD5BB /* PBXContainerItemProxy */;
		};
/* End PBXTargetDependency section */

/* Begin XCBuildConfiguration section */
		9BB576002EFB34F200DFD5BB /* Debug */ = {
			isa = XCBuildConfiguration;
			buildSettings = {
				BUNDLE_LOADER = "$(TEST_HOST)";
				CODE_SIGN_STYLE = Automatic;
				CURRENT_PROJECT_VERSION = 1;
				GENERATE_INFOPLIST_FILE = YES;
				MARKETING_VERSION = 1.0;
				PRODUCT_BUNDLE_IDENTIFIER = com.Test.LookirdTests;
				PRODUCT_NAME = "$(TARGET_NAME)";
				STRING_CATALOG_GENERATE_SYMBOLS = NO;
				SWIFT_APPROACHABLE_CONCURRENCY = YES;
				SWIFT_EMIT_LOC_STRINGS = NO;
				SWIFT_UPCOMING_FEATURE_MEMBER_IMPORT_VISIBILITY = YES;
				SWIFT_VERSION = 5.0;
				TARGETED_DEVICE_FAMILY = "1,2";
				TEST_HOST = "$(BUILT_PRODUCTS_DIR)/Lookird.app/$(BUNDLE_EXECUTABLE_FOLDER_PATH)/Lookird";
			};
			name = Debug;
		};
		9BB576012EFB34F200DFD5BB /* Release */ = {
			isa = XCBuildConfiguration;
			buildSettings = {
				BUNDLE_LOADER = "$(TEST_HOST)";
				CODE_SIGN_STYLE = Automatic;
				CURRENT_PROJECT_VERSION = 1;
				GENERATE_INFOPLIST_FILE = YES;
				MARKETING_VERSION = 1.0;
				PRODUCT_BUNDLE_IDENTIFIER = com.Test.LookirdTests;
				PRODUCT_NAME = "$(TARGET_NAME)";
				STRING_CATALOG_GENERATE_SYMBOLS = NO;
				SWIFT_APPROACHABLE_CONCURRENCY = YES;
				SWIFT_EMIT_LOC_STRINGS = NO;
				SWIFT_UPCOMING_FEATURE_MEMBER_IMPORT_VISIBILITY = YES;
				SWIFT_VERSION = 5.0;
				TARGETED_DEVICE_FAMILY = "1,2";
				TEST_HOST = "$(BUILT_PRODUCTS_DIR)/Lookird.app/$(BUNDLE_EXECUTABLE_FOLDER_PATH)/Lookird";
			};
			name = Release;
		};
		9BF86F9A2EE9C69A00D261C1 /* Debug */ = {
			isa = XCBuildConfiguration;
			buildSettings = {
				ALWAYS_EMBED_SWIFT_STANDARD_LIBRARIES = YES;
				ALWAYS_SEARCH_USER_PATHS = NO;
				ASSETCATALOG_COMPILER_GENERATE_SWIFT_ASSET_SYMBOL_EXTENSIONS = YES;
				CLANG_ANALYZER_NONNULL = YES;
				CLANG_ANALYZER_NUMBER_OBJECT_CONVERSION = YES_AGGRESSIVE;
				CLANG_CXX_LANGUAGE_STANDARD = "gnu++20";
				CLANG_ENABLE_MODULES = YES;
				CLANG_ENABLE_OBJC_ARC = YES;
				CLANG_ENABLE_OBJC_WEAK = YES;
				CLANG_WARN_BLOCK_CAPTURE_AUTORELEASING = YES;
				CLANG_WARN_BOOL_CONVERSION = YES;
				CLANG_WARN_COMMA = YES;
				CLANG_WARN_CONSTANT_CONVERSION = YES;
				CLANG_WARN_DEPRECATED_OBJC_IMPLEMENTATIONS = YES;
				CLANG_WARN_DIRECT_OBJC_ISA_USAGE = YES_ERROR;
				CLANG_WARN_DOCUMENTATION_COMMENTS = YES;
				CLANG_WARN_EMPTY_BODY = YES;
				CLANG_WARN_ENUM_CONVERSION = YES;
				CLANG_WARN_INFINITE_RECURSION = YES;
				CLANG_WARN_INT_CONVERSION = YES;
				CLANG_WARN_NON_LITERAL_NULL_CONVERSION = YES;
				CLANG_WARN_OBJC_IMPLICIT_RETAIN_SELF = YES;
				CLANG_WARN_OBJC_LITERAL_CONVERSION = YES;
				CLANG_WARN_OBJC_ROOT_CLASS = YES_ERROR;
				CLANG_WARN_QUOTED_INCLUDE_IN_FRAMEWORK_HEADER = YES;
				CLANG_WARN_RANGE_LOOP_ANALYSIS = YES;
				CLANG_WARN_STRICT_PROTOTYPES = YES;
				CLANG_WARN_SUSPICIOUS_MOVE = YES;
				CLANG_WARN_UNGUARDED_AVAILABILITY = YES_AGGRESSIVE;
				CLANG_WARN_UNREACHABLE_CODE = YES;
				CLANG_WARN__DUPLICATE_METHOD_MATCH = YES;
				COPY_PHASE_STRIP = NO;
				DEBUG_INFORMATION_FORMAT = dwarf;
				ENABLE_STRICT_OBJC_MSGSEND = YES;
				ENABLE_TESTABILITY = YES;
				ENABLE_TESTING_SEARCH_PATHS = YES;
				ENABLE_USER_SCRIPT_SANDBOXING = YES;
				GCC_C_LANGUAGE_STANDARD = gnu17;
				GCC_DYNAMIC_NO_PIC = NO;
				GCC_NO_COMMON_BLOCKS = YES;
				GCC_OPTIMIZATION_LEVEL = 0;
				GCC_PREPROCESSOR_DEFINITIONS = (
					"DEBUG=1",
					"$(inherited)",
				);
				GCC_WARN_64_TO_32_BIT_CONVERSION = YES;
				GCC_WARN_ABOUT_RETURN_TYPE = YES_ERROR;
				GCC_WARN_UNDECLARED_SELECTOR = YES;
				GCC_WARN_UNINITIALIZED_AUTOS = YES_AGGRESSIVE;
				GCC_WARN_UNUSED_FUNCTION = YES;
				GCC_WARN_UNUSED_VARIABLE = YES;
				IPHONEOS_DEPLOYMENT_TARGET = 26.1;
				LD_RUNPATH_SEARCH_PATHS = (
					"$(inherited)",
					"@executable_path/Frameworks",
				);
				LOCALIZATION_PREFERS_STRING_CATALOGS = YES;
				MTL_ENABLE_DEBUG_INFO = INCLUDE_SOURCE;
				MTL_FAST_MATH = YES;
				ONLY_ACTIVE_ARCH = YES;
				SDKROOT = iphoneos;
				SWIFT_ACTIVE_COMPILATION_CONDITIONS = "DEBUG $(inherited)";
				SWIFT_OPTIMIZATION_LEVEL = "-Onone";
			};
			name = Debug;
		};
		9BF86F9B2EE9C69A00D261C1 /* Release */ = {
			isa = XCBuildConfiguration;
			buildSettings = {
				ALWAYS_EMBED_SWIFT_STANDARD_LIBRARIES = YES;
				ALWAYS_SEARCH_USER_PATHS = NO;
				ASSETCATALOG_COMPILER_GENERATE_SWIFT_ASSET_SYMBOL_EXTENSIONS = YES;
				CLANG_ANALYZER_NONNULL = YES;
				CLANG_ANALYZER_NUMBER_OBJECT_CONVERSION = YES_AGGRESSIVE;
				CLANG_CXX_LANGUAGE_STANDARD = "gnu++20";
				CLANG_ENABLE_MODULES = YES;
				CLANG_ENABLE_OBJC_ARC = YES;
				CLANG_ENABLE_OBJC_WEAK = YES;
				CLANG_WARN_BLOCK_CAPTURE_AUTORELEASING = YES;
				CLANG_WARN_BOOL_CONVERSION = YES;
				CLANG_WARN_COMMA = YES;
				CLANG_WARN_CONSTANT_CONVERSION = YES;
				CLANG_WARN_DEPRECATED_OBJC_IMPLEMENTATIONS = YES;
				CLANG_WARN_DIRECT_OBJC_ISA_USAGE = YES_ERROR;
				CLANG_WARN_DOCUMENTATION_COMMENTS = YES;
				CLANG_WARN_EMPTY_BODY = YES;
				CLANG_WARN_ENUM_CONVERSION = YES;
				CLANG_WARN_INFINITE_RECURSION = YES;
				CLANG_WARN_INT_CONVERSION = YES;
				CLANG_WARN_NON_LITERAL_NULL_CONVERSION = YES;
				CLANG_WARN_OBJC_IMPLICIT_RETAIN_SELF = YES;
				CLANG_WARN_OBJC_LITERAL_CONVERSION = YES;
				CLANG_WARN_OBJC_ROOT_CLASS = YES_ERROR;
				CLANG_WARN_QUOTED_INCLUDE_IN_FRAMEWORK_HEADER = YES;
				CLANG_WARN_RANGE_LOOP_ANALYSIS = YES;
				CLANG_WARN_STRICT_PROTOTYPES = YES;
				CLANG_WARN_SUSPICIOUS_MOVE = YES;
				CLANG_WARN_UNGUARDED_AVAILABILITY = YES_AGGRESSIVE;
				CLANG_WARN_UNREACHABLE_CODE = YES;
				CLANG_WARN__DUPLICATE_METHOD_MATCH = YES;
				COPY_PHASE_STRIP = NO;
				DEBUG_INFORMATION_FORMAT = "dwarf-with-dsym";
				ENABLE_NS_ASSERTIONS = NO;
				ENABLE_STRICT_OBJC_MSGSEND = YES;
				ENABLE_TESTABILITY = YES;
				ENABLE_TESTING_SEARCH_PATHS = YES;
				ENABLE_USER_SCRIPT_SANDBOXING = YES;
				GCC_C_LANGUAGE_STANDARD = gnu17;
				GCC_NO_COMMON_BLOCKS = YES;
				GCC_WARN_64_TO_32_BIT_CONVERSION = YES;
				GCC_WARN_ABOUT_RETURN_TYPE = YES_ERROR;
				GCC_WARN_UNDECLARED_SELECTOR = YES;
				GCC_WARN_UNINITIALIZED_AUTOS = YES_AGGRESSIVE;
				GCC_WARN_UNUSED_FUNCTION = YES;
				GCC_WARN_UNUSED_VARIABLE = YES;
				IPHONEOS_DEPLOYMENT_TARGET = 26.1;
				LD_RUNPATH_SEARCH_PATHS = (
					"$(inherited)",
					"@executable_path/Frameworks",
				);
				LOCALIZATION_PREFERS_STRING_CATALOGS = YES;
				MTL_ENABLE_DEBUG_INFO = NO;
				MTL_FAST_MATH = YES;
				SDKROOT = iphoneos;
				SWIFT_COMPILATION_MODE = wholemodule;
				VALIDATE_PRODUCT = YES;
			};
			name = Release;
		};
		9BF86F9D2EE9C69A00D261C1 /* Debug */ = {
			isa = XCBuildConfiguration;
			buildSettings = {
				ASSETCATALOG_COMPILER_APPICON_NAME = AppIcon;
				ASSETCATALOG_COMPILER_GLOBAL_ACCENT_COLOR_NAME = AccentColor;
				CODE_SIGN_STYLE = Automatic;
				CURRENT_PROJECT_VERSION = 1;
				DEVELOPMENT_TEAM = 45D9S7MZ6Q;
				ENABLE_PREVIEWS = YES;
				GENERATE_INFOPLIST_FILE = YES;
				INFOPLIST_FILE = Lookird/Info.plist;
				INFOPLIST_KEY_UIApplicationSceneManifest_Generation = YES;
				INFOPLIST_KEY_UIApplicationSupportsIndirectInputEvents = YES;
				INFOPLIST_KEY_UILaunchScreen_Generation = YES;
				INFOPLIST_KEY_UISupportedInterfaceOrientations_iPad = "UIInterfaceOrientationPortrait UIInterfaceOrientationPortraitUpsideDown UIInterfaceOrientationLandscapeLeft UIInterfaceOrientationLandscapeRight";
				INFOPLIST_KEY_UISupportedInterfaceOrientations_iPhone = "UIInterfaceOrientationPortrait UIInterfaceOrientationLandscapeLeft UIInterfaceOrientationLandscapeRight";
				IPHONEOS_DEPLOYMENT_TARGET = 17.6;
				LD_RUNPATH_SEARCH_PATHS = (
					"$(inherited)",
					"@executable_path/Frameworks",
					"@loader_path/Frameworks",
				);
				MARKETING_VERSION = 1.0;
				PRODUCT_BUNDLE_IDENTIFIER = com.Test.Lookird;
				PRODUCT_NAME = "$(TARGET_NAME)";
				STRING_CATALOG_GENERATE_SYMBOLS = YES;
				SWIFT_APPROACHABLE_CONCURRENCY = YES;
				SWIFT_DEFAULT_ACTOR_ISOLATION = MainActor;
				SWIFT_EMIT_LOC_STRINGS = YES;
				SWIFT_UPCOMING_FEATURE_MEMBER_IMPORT_VISIBILITY = YES;
				SWIFT_VERSION = 5.0;
				TARGETED_DEVICE_FAMILY = "1,2";
			};
			name = Debug;
		};
		9BF86F9E2EE9C69A00D261C1 /* Release */ = {
			isa = XCBuildConfiguration;
			buildSettings = {
				ASSETCATALOG_COMPILER_APPICON_NAME = AppIcon;
				ASSETCATALOG_COMPILER_GLOBAL_ACCENT_COLOR_NAME = AccentColor;
				CODE_SIGN_ENTITLEMENTS = Lookird/LookirdRelease.entitlements;
				CODE_SIGN_STYLE = Automatic;
				CURRENT_PROJECT_VERSION = 1;
				DEVELOPMENT_TEAM = 45D9S7MZ6Q;
				ENABLE_PREVIEWS = YES;
				GENERATE_INFOPLIST_FILE = YES;
				INFOPLIST_FILE = Lookird/Info.plist;
				INFOPLIST_KEY_UIApplicationSceneManifest_Generation = YES;
				INFOPLIST_KEY_UIApplicationSupportsIndirectInputEvents = YES;
				INFOPLIST_KEY_UILaunchScreen_Generation = YES;
				INFOPLIST_KEY_UISupportedInterfaceOrientations_iPad = "UIInterfaceOrientationPortrait UIInterfaceOrientationPortraitUpsideDown UIInterfaceOrientationLandscapeLeft UIInterfaceOrientationLandscapeRight";
				INFOPLIST_KEY_UISupportedInterfaceOrientations_iPhone = "UIInterfaceOrientationPortrait UIInterfaceOrientationLandscapeLeft UIInterfaceOrientationLandscapeRight";
				IPHONEOS_DEPLOYMENT_TARGET = 17.6;
				LD_RUNPATH_SEARCH_PATHS = (
					"$(inherited)",
					"@executable_path/Frameworks",
					"@loader_path/Frameworks",
				);
				MARKETING_VERSION = 1.0;
				PRODUCT_BUNDLE_IDENTIFIER = com.Test.Lookird;
				PRODUCT_NAME = "$(TARGET_NAME)";
				STRING_CATALOG_GENERATE_SYMBOLS = YES;
				SWIFT_APPROACHABLE_CONCURRENCY = YES;
				SWIFT_DEFAULT_ACTOR_ISOLATION = MainActor;
				SWIFT_EMIT_LOC_STRINGS = YES;
				SWIFT_UPCOMING_FEATURE_MEMBER_IMPORT_VISIBILITY = YES;
				SWIFT_VERSION = 5.0;
				TARGETED_DEVICE_FAMILY = "1,2";
			};
			name = Release;
		};
/* End XCBuildConfiguration section */

/* Begin XCConfigurationList section */
		9BB575FF2EFB34F200DFD5BB /* Build configuration list for PBXNativeTarget "LookirdTests" */ = {
			isa = XCConfigurationList;
			buildConfigurations = (
				9BB576002EFB34F200DFD5BB /* Debug */,
				9BB576012EFB34F200DFD5BB /* Release */,
			);
			defaultConfigurationIsVisible = 0;
			defaultConfigurationName = Release;
		};
		9BF86F8A2EE9C69800D261C1 /* Build configuration list for PBXProject "Lookird" */ = {
			isa = XCConfigurationList;
			buildConfigurations = (
				9BF86F9A2EE9C69A00D261C1 /* Debug */,
				9BF86F9B2EE9C69A00D261C1 /* Release */,
			);
			defaultConfigurationIsVisible = 0;
			defaultConfigurationName = Release;
		};
		9BF86F9C2EE9C69A00D261C1 /* Build configuration list for PBXNativeTarget "Lookird" */ = {
			isa = XCConfigurationList;
			buildConfigurations = (
				9BF86F9D2EE9C69A00D261C1 /* Debug */,
				9BF86F9E2EE9C69A00D261C1 /* Release */,
			);
			defaultConfigurationIsVisible = 0;
			defaultConfigurationName = Release;
		};
/* End XCConfigurationList section */

/* Begin XCRemoteSwiftPackageReference section */
		9BDA4A0A2F0E99EC00C6E6D9 /* XCRemoteSwiftPackageReference "firebase-ios-sdk" */ = {
			isa = XCRemoteSwiftPackageReference;
			repositoryURL = "https://github.com/firebase/firebase-ios-sdk";
			requirement = {
				kind = upToNextMajorVersion;
				minimumVersion = 12.7.0;
			};
		};
/* End XCRemoteSwiftPackageReference section */

/* Begin XCSwiftPackageProductDependency section */
		9BD803AB2F27FAC9002D02A4 /* FirebaseFirestore */ = {
			isa = XCSwiftPackageProductDependency;
			package = 9BDA4A0A2F0E99EC00C6E6D9 /* XCRemoteSwiftPackageReference "firebase-ios-sdk" */;
			productName = FirebaseFirestore;
		};
		9BDA4A0B2F0E99EC00C6E6D9 /* FirebaseAI */ = {
			isa = XCSwiftPackageProductDependency;
			package = 9BDA4A0A2F0E99EC00C6E6D9 /* XCRemoteSwiftPackageReference "firebase-ios-sdk" */;
			productName = FirebaseAI;
		};
		9BDA4A1B2F0EC5AF00C6E6D9 /* FirebaseAuth */ = {
			isa = XCSwiftPackageProductDependency;
			package = 9BDA4A0A2F0E99EC00C6E6D9 /* XCRemoteSwiftPackageReference "firebase-ios-sdk" */;
			productName = FirebaseAuth;
		};
		9BDA4A1D2F0EC5BB00C6E6D9 /* FirebaseAnalytics */ = {
			isa = XCSwiftPackageProductDependency;
			package = 9BDA4A0A2F0E99EC00C6E6D9 /* XCRemoteSwiftPackageReference "firebase-ios-sdk" */;
			productName = FirebaseAnalytics;
		};
/* End XCSwiftPackageProductDependency section */
	};
	rootObject = 9BF86F872EE9C69800D261C1 /* Project object */;
}
